
Microsoft Visual Studio Solution File, Format Version 12.00
# Visual Studio 2012
Project("{2150E333-8FDC-42A3-9474-1A3956D46DE8}") = "Library", "Library", "{C8CF6460-9DB8-4120-8914-2D941D4B4440}"
EndProject
Project("{FAE04EC0-301F-11D3-BF4B-00C04F79EFBC}") = "SlideOverKit", "SlideOverKit\SlideOverKit.csproj", "{EF099C9A-2BB4-468D-8352-867896E7B275}"
EndProject
Project("{FAE04EC0-301F-11D3-BF4B-00C04F79EFBC}") = "SlideOverKit.Droid", "SlideOverKit.Droid\SlideOverKit.Droid.csproj", "{48CFA234-7CB1-4E8C-A370-4AF410F53857}"
EndProject
Project("{FAE04EC0-301F-11D3-BF4B-00C04F79EFBC}") = "SlideOverKit.iOS", "SlideOverKit.iOS\SlideOverKit.iOS.csproj", "{172A0370-0293-4003-AD03-57419DDDC6BD}"
EndProject
Project("{2150E333-8FDC-42A3-9474-1A3956D46DE8}") = "nuget", "nuget", "{BE33D7F8-D082-448B-872A-DA157BD9CA56}"
	ProjectSection(SolutionItems) = preProject
		SlideOverKit.nuspec = SlideOverKit.nuspec
	EndProjectSection
EndProject
Project("{2150E333-8FDC-42A3-9474-1A3956D46DE8}") = "Samples", "Samples", "{FF211FE4-280C-47C7-A008-41C2DF86C575}"
EndProject
Project("{FAE04EC0-301F-11D3-BF4B-00C04F79EFBC}") = "SlideOverKit.MoreSample", "SlideOverKitMoreSamples\SlideOverKit.Sample\SlideOverKit.MoreSample.csproj", "{F3B63D96-50BB-4C6F-94A8-56072D6E3AF9}"
EndProject
Project("{FAE04EC0-301F-11D3-BF4B-00C04F79EFBC}") = "SlideOverKit.MoreSample.Droid", "SlideOverKitMoreSamples\Droid\SlideOverKit.MoreSample.Droid.csproj", "{15830FA7-5E5B-42C0-9DED-8665F44B3D92}"
EndProject
Project("{FAE04EC0-301F-11D3-BF4B-00C04F79EFBC}") = "SlideOverKit.MoreSample.iOS", "SlideOverKitMoreSamples\iOS\SlideOverKit.MoreSample.iOS.csproj", "{FC7E7BFB-1146-4D84-AAF7-1238740064E7}"
EndProject
Global
	GlobalSection(SolutionConfigurationPlatforms) = preSolution
		Debug|Any CPU = Debug|Any CPU
		Release|Any CPU = Release|Any CPU
		Debug|iPhoneSimulator = Debug|iPhoneSimulator
		Release|iPhone = Release|iPhone
		Release|iPhoneSimulator = Release|iPhoneSimulator
		Debug|iPhone = Debug|iPhone
	EndGlobalSection
	GlobalSection(ProjectConfigurationPlatforms) = postSolution
		{15830FA7-5E5B-42C0-9DED-8665F44B3D92}.Debug|Any CPU.ActiveCfg = Debug|Any CPU
		{15830FA7-5E5B-42C0-9DED-8665F44B3D92}.Debug|Any CPU.Build.0 = Debug|Any CPU
		{15830FA7-5E5B-42C0-9DED-8665F44B3D92}.Debug|iPhone.ActiveCfg = Debug|Any CPU
		{15830FA7-5E5B-42C0-9DED-8665F44B3D92}.Debug|iPhone.Build.0 = Debug|Any CPU
		{15830FA7-5E5B-42C0-9DED-8665F44B3D92}.Debug|iPhoneSimulator.ActiveCfg = Debug|Any CPU
		{15830FA7-5E5B-42C0-9DED-8665F44B3D92}.Debug|iPhoneSimulator.Build.0 = Debug|Any CPU
		{15830FA7-5E5B-42C0-9DED-8665F44B3D92}.Release|Any CPU.ActiveCfg = Release|Any CPU
		{15830FA7-5E5B-42C0-9DED-8665F44B3D92}.Release|Any CPU.Build.0 = Release|Any CPU
		{15830FA7-5E5B-42C0-9DED-8665F44B3D92}.Release|iPhone.ActiveCfg = Release|Any CPU
		{15830FA7-5E5B-42C0-9DED-8665F44B3D92}.Release|iPhone.Build.0 = Release|Any CPU
		{15830FA7-5E5B-42C0-9DED-8665F44B3D92}.Release|iPhoneSimulator.ActiveCfg = Release|Any CPU
		{15830FA7-5E5B-42C0-9DED-8665F44B3D92}.Release|iPhoneSimulator.Build.0 = Release|Any CPU
		{172A0370-0293-4003-AD03-57419DDDC6BD}.Debug|Any CPU.ActiveCfg = Debug|Any CPU
		{172A0370-0293-4003-AD03-57419DDDC6BD}.Debug|Any CPU.Build.0 = Debug|Any CPU
		{172A0370-0293-4003-AD03-57419DDDC6BD}.Debug|iPhone.ActiveCfg = Debug|Any CPU
		{172A0370-0293-4003-AD03-57419DDDC6BD}.Debug|iPhone.Build.0 = Debug|Any CPU
		{172A0370-0293-4003-AD03-57419DDDC6BD}.Debug|iPhoneSimulator.ActiveCfg = Debug|Any CPU
		{172A0370-0293-4003-AD03-57419DDDC6BD}.Debug|iPhoneSimulator.Build.0 = Debug|Any CPU
		{172A0370-0293-4003-AD03-57419DDDC6BD}.Release|Any CPU.ActiveCfg = Release|Any CPU
		{172A0370-0293-4003-AD03-57419DDDC6BD}.Release|Any CPU.Build.0 = Release|Any CPU
		{172A0370-0293-4003-AD03-57419DDDC6BD}.Release|iPhone.ActiveCfg = Release|Any CPU
		{172A0370-0293-4003-AD03-57419DDDC6BD}.Release|iPhone.Build.0 = Release|Any CPU
		{172A0370-0293-4003-AD03-57419DDDC6BD}.Release|iPhoneSimulator.ActiveCfg = Release|Any CPU
		{172A0370-0293-4003-AD03-57419DDDC6BD}.Release|iPhoneSimulator.Build.0 = Release|Any CPU
		{48CFA234-7CB1-4E8C-A370-4AF410F53857}.Debug|Any CPU.ActiveCfg = Debug|Any CPU
		{48CFA234-7CB1-4E8C-A370-4AF410F53857}.Debug|Any CPU.Build.0 = Debug|Any CPU
		{48CFA234-7CB1-4E8C-A370-4AF410F53857}.Debug|iPhone.ActiveCfg = Debug|Any CPU
		{48CFA234-7CB1-4E8C-A370-4AF410F53857}.Debug|iPhone.Build.0 = Debug|Any CPU
		{48CFA234-7CB1-4E8C-A370-4AF410F53857}.Debug|iPhoneSimulator.ActiveCfg = Debug|Any CPU
		{48CFA234-7CB1-4E8C-A370-4AF410F53857}.Debug|iPhoneSimulator.Build.0 = Debug|Any CPU
		{48CFA234-7CB1-4E8C-A370-4AF410F53857}.Release|Any CPU.ActiveCfg = Release|Any CPU
		{48CFA234-7CB1-4E8C-A370-4AF410F53857}.Release|Any CPU.Build.0 = Release|Any CPU
		{48CFA234-7CB1-4E8C-A370-4AF410F53857}.Release|iPhone.ActiveCfg = Release|Any CPU
		{48CFA234-7CB1-4E8C-A370-4AF410F53857}.Release|iPhone.Build.0 = Release|Any CPU
		{48CFA234-7CB1-4E8C-A370-4AF410F53857}.Release|iPhoneSimulator.ActiveCfg = Release|Any CPU
		{48CFA234-7CB1-4E8C-A370-4AF410F53857}.Release|iPhoneSimulator.Build.0 = Release|Any CPU
		{EF099C9A-2BB4-468D-8352-867896E7B275}.Debug|Any CPU.ActiveCfg = Debug|Any CPU
		{EF099C9A-2BB4-468D-8352-867896E7B275}.Debug|Any CPU.Build.0 = Debug|Any CPU
		{EF099C9A-2BB4-468D-8352-867896E7B275}.Debug|iPhone.ActiveCfg = Debug|Any CPU
		{EF099C9A-2BB4-468D-8352-867896E7B275}.Debug|iPhone.Build.0 = Debug|Any CPU
		{EF099C9A-2BB4-468D-8352-867896E7B275}.Debug|iPhoneSimulator.ActiveCfg = Debug|Any CPU
		{EF099C9A-2BB4-468D-8352-867896E7B275}.Debug|iPhoneSimulator.Build.0 = Debug|Any CPU
		{EF099C9A-2BB4-468D-8352-867896E7B275}.Release|Any CPU.ActiveCfg = Release|Any CPU
		{EF099C9A-2BB4-468D-8352-867896E7B275}.Release|Any CPU.Build.0 = Release|Any CPU
		{EF099C9A-2BB4-468D-8352-867896E7B275}.Release|iPhone.ActiveCfg = Release|Any CPU
		{EF099C9A-2BB4-468D-8352-867896E7B275}.Release|iPhone.Build.0 = Release|Any CPU
		{EF099C9A-2BB4-468D-8352-867896E7B275}.Release|iPhoneSimulator.ActiveCfg = Release|Any CPU
		{EF099C9A-2BB4-468D-8352-867896E7B275}.Release|iPhoneSimulator.Build.0 = Release|Any CPU
		{F3B63D96-50BB-4C6F-94A8-56072D6E3AF9}.Debug|Any CPU.ActiveCfg = Debug|Any CPU
		{F3B63D96-50BB-4C6F-94A8-56072D6E3AF9}.Debug|Any CPU.Build.0 = Debug|Any CPU
		{F3B63D96-50BB-4C6F-94A8-56072D6E3AF9}.Debug|iPhone.ActiveCfg = Debug|Any CPU
		{F3B63D96-50BB-4C6F-94A8-56072D6E3AF9}.Debug|iPhone.Build.0 = Debug|Any CPU
		{F3B63D96-50BB-4C6F-94A8-56072D6E3AF9}.Debug|iPhoneSimulator.ActiveCfg = Debug|Any CPU
		{F3B63D96-50BB-4C6F-94A8-56072D6E3AF9}.Debug|iPhoneSimulator.Build.0 = Debug|Any CPU
		{F3B63D96-50BB-4C6F-94A8-56072D6E3AF9}.Release|Any CPU.ActiveCfg = Release|Any CPU
		{F3B63D96-50BB-4C6F-94A8-56072D6E3AF9}.Release|Any CPU.Build.0 = Release|Any CPU
		{F3B63D96-50BB-4C6F-94A8-56072D6E3AF9}.Release|iPhone.ActiveCfg = Release|Any CPU
		{F3B63D96-50BB-4C6F-94A8-56072D6E3AF9}.Release|iPhone.Build.0 = Release|Any CPU
		{F3B63D96-50BB-4C6F-94A8-56072D6E3AF9}.Release|iPhoneSimulator.ActiveCfg = Release|Any CPU
		{F3B63D96-50BB-4C6F-94A8-56072D6E3AF9}.Release|iPhoneSimulator.Build.0 = Release|Any CPU
		{FC7E7BFB-1146-4D84-AAF7-1238740064E7}.Debug|Any CPU.ActiveCfg = Debug|iPhoneSimulator
		{FC7E7BFB-1146-4D84-AAF7-1238740064E7}.Debug|Any CPU.Build.0 = Debug|iPhoneSimulator
		{FC7E7BFB-1146-4D84-AAF7-1238740064E7}.Debug|iPhone.ActiveCfg = Debug|iPhone
		{FC7E7BFB-1146-4D84-AAF7-1238740064E7}.Debug|iPhone.Build.0 = Debug|iPhone
		{FC7E7BFB-1146-4D84-AAF7-1238740064E7}.Debug|iPhoneSimulator.ActiveCfg = Debug|iPhoneSimulator
		{FC7E7BFB-1146-4D84-AAF7-1238740064E7}.Debug|iPhoneSimulator.Build.0 = Debug|iPhoneSimulator
		{FC7E7BFB-1146-4D84-AAF7-1238740064E7}.Release|Any CPU.ActiveCfg = Release|iPhone
		{FC7E7BFB-1146-4D84-AAF7-1238740064E7}.Release|Any CPU.Build.0 = Release|iPhone
		{FC7E7BFB-1146-4D84-AAF7-1238740064E7}.Release|iPhone.ActiveCfg = Release|iPhone
		{FC7E7BFB-1146-4D84-AAF7-1238740064E7}.Release|iPhone.Build.0 = Release|iPhone
		{FC7E7BFB-1146-4D84-AAF7-1238740064E7}.Release|iPhoneSimulator.ActiveCfg = Release|iPhoneSimulator
		{FC7E7BFB-1146-4D84-AAF7-1238740064E7}.Release|iPhoneSimulator.Build.0 = Release|iPhoneSimulator
		{4D5C7801-9DE9-4836-B9B5-1E9703B7DEBD}.Debug|Any CPU.ActiveCfg = Debug|Any CPU
		{4D5C7801-9DE9-4836-B9B5-1E9703B7DEBD}.Debug|Any CPU.Build.0 = Debug|Any CPU
		{4D5C7801-9DE9-4836-B9B5-1E9703B7DEBD}.Debug|iPhone.ActiveCfg = Debug|Any CPU
		{4D5C7801-9DE9-4836-B9B5-1E9703B7DEBD}.Debug|iPhone.Build.0 = Debug|Any CPU
		{4D5C7801-9DE9-4836-B9B5-1E9703B7DEBD}.Debug|iPhoneSimulator.ActiveCfg = Debug|Any CPU
		{4D5C7801-9DE9-4836-B9B5-1E9703B7DEBD}.Debug|iPhoneSimulator.Build.0 = Debug|Any CPU
		{4D5C7801-9DE9-4836-B9B5-1E9703B7DEBD}.Release|Any CPU.ActiveCfg = Release|Any CPU
		{4D5C7801-9DE9-4836-B9B5-1E9703B7DEBD}.Release|Any CPU.Build.0 = Release|Any CPU
		{4D5C7801-9DE9-4836-B9B5-1E9703B7DEBD}.Release|iPhone.ActiveCfg = Release|Any CPU
		{4D5C7801-9DE9-4836-B9B5-1E9703B7DEBD}.Release|iPhone.Build.0 = Release|Any CPU
		{4D5C7801-9DE9-4836-B9B5-1E9703B7DEBD}.Release|iPhoneSimulator.ActiveCfg = Release|Any CPU
		{4D5C7801-9DE9-4836-B9B5-1E9703B7DEBD}.Release|iPhoneSimulator.Build.0 = Release|Any CPU
	EndGlobalSection
	GlobalSection(NestedProjects) = preSolution
		{EF099C9A-2BB4-468D-8352-867896E7B275} = {C8CF6460-9DB8-4120-8914-2D941D4B4440}
		{48CFA234-7CB1-4E8C-A370-4AF410F53857} = {C8CF6460-9DB8-4120-8914-2D941D4B4440}
		{172A0370-0293-4003-AD03-57419DDDC6BD} = {C8CF6460-9DB8-4120-8914-2D941D4B4440}
		{F3B63D96-50BB-4C6F-94A8-56072D6E3AF9} = {FF211FE4-280C-47C7-A008-41C2DF86C575}
		{15830FA7-5E5B-42C0-9DED-8665F44B3D92} = {FF211FE4-280C-47C7-A008-41C2DF86C575}
		{FC7E7BFB-1146-4D84-AAF7-1238740064E7} = {FF211FE4-280C-47C7-A008-41C2DF86C575}
	EndGlobalSection
	GlobalSection(MonoDevelopProperties) = preSolution
		Policies = $0
		$0.DotNetNamingPolicy = $1
		$1.DirectoryNamespaceAssociation = None
		$1.ResourceNamePolicy = FileFormatDefault
		$0.TextStylePolicy = $2
		$2.FileWidth = 120
		$2.inheritsSet = VisualStudio
		$2.inheritsScope = text/plain
		$2.scope = text/x-csharp
		$0.CSharpFormattingPolicy = $3
		$3.AfterDelegateDeclarationParameterComma = True
		$3.inheritsSet = Mono
		$3.inheritsScope = text/x-csharp
		$3.scope = text/x-csharp
		$0.NameConventionPolicy = $4
		$4.Rules = $5
		$5.NamingRule = $6
		$6.Name = Namespaces
		$6.AffectedEntity = Namespace
		$6.VisibilityMask = VisibilityMask
		$6.NamingStyle = PascalCase
		$6.IncludeInstanceMembers = True
		$6.IncludeStaticEntities = True
		$5.NamingRule = $7
		$7.Name = Types
		$7.AffectedEntity = Class, Struct, Enum, Delegate
		$7.VisibilityMask = Public
		$7.NamingStyle = PascalCase
		$7.IncludeInstanceMembers = True
		$7.IncludeStaticEntities = True
		$5.NamingRule = $8
		$8.Name = Interfaces
		$8.RequiredPrefixes = $9
		$9.String = I
		$8.AffectedEntity = Interface
		$8.VisibilityMask = Public
		$8.NamingStyle = PascalCase
		$8.IncludeInstanceMembers = True
		$8.IncludeStaticEntities = True
		$5.NamingRule = $10
		$10.Name = Attributes
		$10.RequiredSuffixes = $11
		$11.String = Attribute
		$10.AffectedEntity = CustomAttributes
		$10.VisibilityMask = Public
		$10.NamingStyle = PascalCase
		$10.IncludeInstanceMembers = True
		$10.IncludeStaticEntities = True
		$5.NamingRule = $12
		$12.Name = Event Arguments
		$12.RequiredSuffixes = $13
		$13.String = EventArgs
		$12.AffectedEntity = CustomEventArgs
		$12.VisibilityMask = Public
		$12.NamingStyle = PascalCase
		$12.IncludeInstanceMembers = True
		$12.IncludeStaticEntities = True
		$5.NamingRule = $14
		$14.Name = Exceptions
		$14.RequiredSuffixes = $15
		$15.String = Exception
		$14.AffectedEntity = CustomExceptions
		$14.VisibilityMask = VisibilityMask
		$14.NamingStyle = PascalCase
		$14.IncludeInstanceMembers = True
		$14.IncludeStaticEntities = True
		$5.NamingRule = $16
		$16.Name = Methods
		$16.AffectedEntity = Methods
		$16.VisibilityMask = Protected, Public
		$16.NamingStyle = PascalCase
		$16.IncludeInstanceMembers = True
		$16.IncludeStaticEntities = True
		$5.NamingRule = $17
		$17.Name = Static Readonly Fields
		$17.AffectedEntity = ReadonlyField
		$17.VisibilityMask = Protected, Public
		$17.NamingStyle = PascalCase
		$17.IncludeInstanceMembers = False
		$17.IncludeStaticEntities = True
		$5.NamingRule = $18
		$18.Name = Fields
		$18.AffectedEntity = Field
		$18.VisibilityMask = Protected, Public
		$18.NamingStyle = PascalCase
		$18.IncludeInstanceMembers = True
		$18.IncludeStaticEntities = True
		$5.NamingRule = $19
		$19.Name = ReadOnly Fields
		$19.AffectedEntity = ReadonlyField
		$19.VisibilityMask = Protected, Public
		$19.NamingStyle = PascalCase
		$19.IncludeInstanceMembers = True
		$19.IncludeStaticEntities = False
		$5.NamingRule = $20
		$20.Name = Constant Fields
		$20.AffectedEntity = ConstantField
		$20.VisibilityMask = Protected, Public
		$20.NamingStyle = PascalCase
		$20.IncludeInstanceMembers = True
		$20.IncludeStaticEntities = True
		$5.NamingRule = $21
		$21.Name = Properties
		$21.AffectedEntity = Property
		$21.VisibilityMask = Protected, Public
		$21.NamingStyle = PascalCase
		$21.IncludeInstanceMembers = True
		$21.IncludeStaticEntities = True
		$5.NamingRule = $22
		$22.Name = Events
		$22.AffectedEntity = Event
		$22.VisibilityMask = Protected, Public
		$22.NamingStyle = PascalCase
		$22.IncludeInstanceMembers = True
		$22.IncludeStaticEntities = True
		$5.NamingRule = $23
		$23.Name = Enum Members
		$23.AffectedEntity = EnumMember
		$23.VisibilityMask = VisibilityMask
		$23.NamingStyle = PascalCase
		$23.IncludeInstanceMembers = True
		$23.IncludeStaticEntities = True
		$5.NamingRule = $24
		$24.Name = Parameters
		$24.AffectedEntity = Parameter
		$24.VisibilityMask = VisibilityMask
		$24.NamingStyle = CamelCase
		$24.IncludeInstanceMembers = True
		$24.IncludeStaticEntities = True
		$5.NamingRule = $25
		$25.Name = Type Parameters
		$25.RequiredPrefixes = $26
		$26.String = T
		$25.AffectedEntity = TypeParameter
		$25.VisibilityMask = VisibilityMask
		$25.NamingStyle = PascalCase
		$25.IncludeInstanceMembers = True
		$25.IncludeStaticEntities = True
	EndGlobalSection
EndGlobal
