
Microsoft Visual Studio Solution File, Format Version 12.00
# Visual Studio 15
VisualStudioVersion = 15.0.27004.2005
MinimumVisualStudioVersion = 10.0.40219.1
Project("{2150E333-8FDC-42A3-9474-1A3956D46DE8}") = "Library", "Library", "{C8CF6460-9DB8-4120-8914-2D941D4B4440}"
EndProject
Project("{FAE04EC0-301F-11D3-BF4B-00C04F79EFBC}") = "SlideOverKit", "SlideOverKit\SlideOverKit.csproj", "{EF099C9A-2BB4-468D-8352-867896E7B275}"
EndProject
Project("{FAE04EC0-301F-11D3-BF4B-00C04F79EFBC}") = "SlideOverKit.Droid", "SlideOverKit.Droid\SlideOverKit.Droid.csproj", "{48CFA234-7CB1-4E8C-A370-4AF410F53857}"
EndProject
Project("{FAE04EC0-301F-11D3-BF4B-00C04F79EFBC}") = "SlideOverKit.iOS", "SlideOverKit.iOS\SlideOverKit.iOS.csproj", "{172A0370-0293-4003-AD03-57419DDDC6BD}"
EndProject
Project("{2150E333-8FDC-42A3-9474-1A3956D46DE8}") = "nuget", "nuget", "{BE33D7F8-D082-448B-872A-DA157BD9CA56}"
	ProjectSection(SolutionItems) = preProject
		build.cake = build.cake
		SlideOverKit.nuspec = SlideOverKit.nuspec
	EndProjectSection
EndProject
Project("{2150E333-8FDC-42A3-9474-1A3956D46DE8}") = "Samples", "Samples", "{FF211FE4-280C-47C7-A008-41C2DF86C575}"
EndProject
Project("{FAE04EC0-301F-11D3-BF4B-00C04F79EFBC}") = "SlideOverKit.MoreSample", "SlideOverKitMoreSamples\SlideOverKit.Sample\SlideOverKit.MoreSample.csproj", "{F3B63D96-50BB-4C6F-94A8-56072D6E3AF9}"
EndProject
Project("{FAE04EC0-301F-11D3-BF4B-00C04F79EFBC}") = "SlideOverKit.MoreSample.Droid", "SlideOverKitMoreSamples\Droid\SlideOverKit.MoreSample.Droid.csproj", "{15830FA7-5E5B-42C0-9DED-8665F44B3D92}"
EndProject
Project("{FAE04EC0-301F-11D3-BF4B-00C04F79EFBC}") = "SlideOverKit.MoreSample.iOS", "SlideOverKitMoreSamples\iOS\SlideOverKit.MoreSample.iOS.csproj", "{FC7E7BFB-1146-4D84-AAF7-1238740064E7}"
EndProject
Project("{FAE04EC0-301F-11D3-BF4B-00C04F79EFBC}") = "SlideOverKit.UWP", "SlideOverKit.UWP\SlideOverKit.UWP.csproj", "{3E4B5E8F-48D1-45B4-BE33-0142DA375E2C}"
EndProject
Project("{FAE04EC0-301F-11D3-BF4B-00C04F79EFBC}") = "SlideOverKit.MoreSample.UWP", "SlideOverKitMoreSamples\SlideOverKit.MoreSample.UWP\SlideOverKit.MoreSample.UWP.csproj", "{5EC32B4A-64F4-413D-AA4E-F25453E4DD3B}"
EndProject
Global
	GlobalSection(SolutionConfigurationPlatforms) = preSolution
		AppStore|Any CPU = AppStore|Any CPU
		AppStore|ARM = AppStore|ARM
		AppStore|iPhone = AppStore|iPhone
		AppStore|iPhoneSimulator = AppStore|iPhoneSimulator
		AppStore|x64 = AppStore|x64
		AppStore|x86 = AppStore|x86
		Debug|Any CPU = Debug|Any CPU
		Debug|ARM = Debug|ARM
		Debug|iPhone = Debug|iPhone
		Debug|iPhoneSimulator = Debug|iPhoneSimulator
		Debug|x64 = Debug|x64
		Debug|x86 = Debug|x86
		NugetBuild|Any CPU = NugetBuild|Any CPU
		NugetBuild|ARM = NugetBuild|ARM
		NugetBuild|iPhone = NugetBuild|iPhone
		NugetBuild|iPhoneSimulator = NugetBuild|iPhoneSimulator
		NugetBuild|x64 = NugetBuild|x64
		NugetBuild|x86 = NugetBuild|x86
		Release|Any CPU = Release|Any CPU
		Release|ARM = Release|ARM
		Release|iPhone = Release|iPhone
		Release|iPhoneSimulator = Release|iPhoneSimulator
		Release|x64 = Release|x64
		Release|x86 = Release|x86
	EndGlobalSection
	GlobalSection(ProjectConfigurationPlatforms) = postSolution
		{EF099C9A-2BB4-468D-8352-867896E7B275}.AppStore|Any CPU.ActiveCfg = Release|Any CPU
		{EF099C9A-2BB4-468D-8352-867896E7B275}.AppStore|Any CPU.Build.0 = Release|Any CPU
		{EF099C9A-2BB4-468D-8352-867896E7B275}.AppStore|ARM.ActiveCfg = Release|Any CPU
		{EF099C9A-2BB4-468D-8352-867896E7B275}.AppStore|ARM.Build.0 = Release|Any CPU
		{EF099C9A-2BB4-468D-8352-867896E7B275}.AppStore|iPhone.ActiveCfg = Release|Any CPU
		{EF099C9A-2BB4-468D-8352-867896E7B275}.AppStore|iPhone.Build.0 = Release|Any CPU
		{EF099C9A-2BB4-468D-8352-867896E7B275}.AppStore|iPhoneSimulator.ActiveCfg = Release|Any CPU
		{EF099C9A-2BB4-468D-8352-867896E7B275}.AppStore|iPhoneSimulator.Build.0 = Release|Any CPU
		{EF099C9A-2BB4-468D-8352-867896E7B275}.AppStore|x64.ActiveCfg = Release|Any CPU
		{EF099C9A-2BB4-468D-8352-867896E7B275}.AppStore|x64.Build.0 = Release|Any CPU
		{EF099C9A-2BB4-468D-8352-867896E7B275}.AppStore|x86.ActiveCfg = Release|Any CPU
		{EF099C9A-2BB4-468D-8352-867896E7B275}.AppStore|x86.Build.0 = Release|Any CPU
		{EF099C9A-2BB4-468D-8352-867896E7B275}.Debug|Any CPU.ActiveCfg = Debug|Any CPU
		{EF099C9A-2BB4-468D-8352-867896E7B275}.Debug|Any CPU.Build.0 = Debug|Any CPU
		{EF099C9A-2BB4-468D-8352-867896E7B275}.Debug|ARM.ActiveCfg = Debug|Any CPU
		{EF099C9A-2BB4-468D-8352-867896E7B275}.Debug|ARM.Build.0 = Debug|Any CPU
		{EF099C9A-2BB4-468D-8352-867896E7B275}.Debug|iPhone.ActiveCfg = Debug|Any CPU
		{EF099C9A-2BB4-468D-8352-867896E7B275}.Debug|iPhone.Build.0 = Debug|Any CPU
		{EF099C9A-2BB4-468D-8352-867896E7B275}.Debug|iPhoneSimulator.ActiveCfg = Debug|Any CPU
		{EF099C9A-2BB4-468D-8352-867896E7B275}.Debug|iPhoneSimulator.Build.0 = Debug|Any CPU
		{EF099C9A-2BB4-468D-8352-867896E7B275}.Debug|x64.ActiveCfg = Debug|Any CPU
		{EF099C9A-2BB4-468D-8352-867896E7B275}.Debug|x64.Build.0 = Debug|Any CPU
		{EF099C9A-2BB4-468D-8352-867896E7B275}.Debug|x86.ActiveCfg = Debug|Any CPU
		{EF099C9A-2BB4-468D-8352-867896E7B275}.Debug|x86.Build.0 = Debug|Any CPU
		{EF099C9A-2BB4-468D-8352-867896E7B275}.NugetBuild|Any CPU.ActiveCfg = Release|Any CPU
		{EF099C9A-2BB4-468D-8352-867896E7B275}.NugetBuild|Any CPU.Build.0 = Release|Any CPU
		{EF099C9A-2BB4-468D-8352-867896E7B275}.NugetBuild|ARM.ActiveCfg = Debug|Any CPU
		{EF099C9A-2BB4-468D-8352-867896E7B275}.NugetBuild|ARM.Build.0 = Debug|Any CPU
		{EF099C9A-2BB4-468D-8352-867896E7B275}.NugetBuild|iPhone.ActiveCfg = Debug|Any CPU
		{EF099C9A-2BB4-468D-8352-867896E7B275}.NugetBuild|iPhone.Build.0 = Debug|Any CPU
		{EF099C9A-2BB4-468D-8352-867896E7B275}.NugetBuild|iPhoneSimulator.ActiveCfg = Debug|Any CPU
		{EF099C9A-2BB4-468D-8352-867896E7B275}.NugetBuild|iPhoneSimulator.Build.0 = Debug|Any CPU
		{EF099C9A-2BB4-468D-8352-867896E7B275}.NugetBuild|x64.ActiveCfg = Debug|Any CPU
		{EF099C9A-2BB4-468D-8352-867896E7B275}.NugetBuild|x64.Build.0 = Debug|Any CPU
		{EF099C9A-2BB4-468D-8352-867896E7B275}.NugetBuild|x86.ActiveCfg = Debug|Any CPU
		{EF099C9A-2BB4-468D-8352-867896E7B275}.NugetBuild|x86.Build.0 = Debug|Any CPU
		{EF099C9A-2BB4-468D-8352-867896E7B275}.Release|Any CPU.ActiveCfg = Release|Any CPU
		{EF099C9A-2BB4-468D-8352-867896E7B275}.Release|Any CPU.Build.0 = Release|Any CPU
		{EF099C9A-2BB4-468D-8352-867896E7B275}.Release|ARM.ActiveCfg = Release|Any CPU
		{EF099C9A-2BB4-468D-8352-867896E7B275}.Release|ARM.Build.0 = Release|Any CPU
		{EF099C9A-2BB4-468D-8352-867896E7B275}.Release|iPhone.ActiveCfg = Release|Any CPU
		{EF099C9A-2BB4-468D-8352-867896E7B275}.Release|iPhone.Build.0 = Release|Any CPU
		{EF099C9A-2BB4-468D-8352-867896E7B275}.Release|iPhoneSimulator.ActiveCfg = Release|Any CPU
		{EF099C9A-2BB4-468D-8352-867896E7B275}.Release|iPhoneSimulator.Build.0 = Release|Any CPU
		{EF099C9A-2BB4-468D-8352-867896E7B275}.Release|x64.ActiveCfg = Release|Any CPU
		{EF099C9A-2BB4-468D-8352-867896E7B275}.Release|x64.Build.0 = Release|Any CPU
		{EF099C9A-2BB4-468D-8352-867896E7B275}.Release|x86.ActiveCfg = Release|Any CPU
		{EF099C9A-2BB4-468D-8352-867896E7B275}.Release|x86.Build.0 = Release|Any CPU
		{48CFA234-7CB1-4E8C-A370-4AF410F53857}.AppStore|Any CPU.ActiveCfg = Release|Any CPU
		{48CFA234-7CB1-4E8C-A370-4AF410F53857}.AppStore|Any CPU.Build.0 = Release|Any CPU
		{48CFA234-7CB1-4E8C-A370-4AF410F53857}.AppStore|ARM.ActiveCfg = Release|Any CPU
		{48CFA234-7CB1-4E8C-A370-4AF410F53857}.AppStore|ARM.Build.0 = Release|Any CPU
		{48CFA234-7CB1-4E8C-A370-4AF410F53857}.AppStore|iPhone.ActiveCfg = Release|Any CPU
		{48CFA234-7CB1-4E8C-A370-4AF410F53857}.AppStore|iPhone.Build.0 = Release|Any CPU
		{48CFA234-7CB1-4E8C-A370-4AF410F53857}.AppStore|iPhoneSimulator.ActiveCfg = Release|Any CPU
		{48CFA234-7CB1-4E8C-A370-4AF410F53857}.AppStore|iPhoneSimulator.Build.0 = Release|Any CPU
		{48CFA234-7CB1-4E8C-A370-4AF410F53857}.AppStore|x64.ActiveCfg = Release|Any CPU
		{48CFA234-7CB1-4E8C-A370-4AF410F53857}.AppStore|x64.Build.0 = Release|Any CPU
		{48CFA234-7CB1-4E8C-A370-4AF410F53857}.AppStore|x86.ActiveCfg = Release|Any CPU
		{48CFA234-7CB1-4E8C-A370-4AF410F53857}.AppStore|x86.Build.0 = Release|Any CPU
		{48CFA234-7CB1-4E8C-A370-4AF410F53857}.Debug|Any CPU.ActiveCfg = Debug|Any CPU
		{48CFA234-7CB1-4E8C-A370-4AF410F53857}.Debug|Any CPU.Build.0 = Debug|Any CPU
		{48CFA234-7CB1-4E8C-A370-4AF410F53857}.Debug|ARM.ActiveCfg = Debug|Any CPU
		{48CFA234-7CB1-4E8C-A370-4AF410F53857}.Debug|ARM.Build.0 = Debug|Any CPU
		{48CFA234-7CB1-4E8C-A370-4AF410F53857}.Debug|iPhone.ActiveCfg = Debug|Any CPU
		{48CFA234-7CB1-4E8C-A370-4AF410F53857}.Debug|iPhone.Build.0 = Debug|Any CPU
		{48CFA234-7CB1-4E8C-A370-4AF410F53857}.Debug|iPhoneSimulator.ActiveCfg = Debug|Any CPU
		{48CFA234-7CB1-4E8C-A370-4AF410F53857}.Debug|iPhoneSimulator.Build.0 = Debug|Any CPU
		{48CFA234-7CB1-4E8C-A370-4AF410F53857}.Debug|x64.ActiveCfg = Debug|Any CPU
		{48CFA234-7CB1-4E8C-A370-4AF410F53857}.Debug|x64.Build.0 = Debug|Any CPU
		{48CFA234-7CB1-4E8C-A370-4AF410F53857}.Debug|x86.ActiveCfg = Debug|Any CPU
		{48CFA234-7CB1-4E8C-A370-4AF410F53857}.Debug|x86.Build.0 = Debug|Any CPU
		{48CFA234-7CB1-4E8C-A370-4AF410F53857}.NugetBuild|Any CPU.ActiveCfg = Release|Any CPU
		{48CFA234-7CB1-4E8C-A370-4AF410F53857}.NugetBuild|Any CPU.Build.0 = Release|Any CPU
		{48CFA234-7CB1-4E8C-A370-4AF410F53857}.NugetBuild|ARM.ActiveCfg = Debug|Any CPU
		{48CFA234-7CB1-4E8C-A370-4AF410F53857}.NugetBuild|ARM.Build.0 = Debug|Any CPU
		{48CFA234-7CB1-4E8C-A370-4AF410F53857}.NugetBuild|iPhone.ActiveCfg = Debug|Any CPU
		{48CFA234-7CB1-4E8C-A370-4AF410F53857}.NugetBuild|iPhone.Build.0 = Debug|Any CPU
		{48CFA234-7CB1-4E8C-A370-4AF410F53857}.NugetBuild|iPhoneSimulator.ActiveCfg = Debug|Any CPU
		{48CFA234-7CB1-4E8C-A370-4AF410F53857}.NugetBuild|iPhoneSimulator.Build.0 = Debug|Any CPU
		{48CFA234-7CB1-4E8C-A370-4AF410F53857}.NugetBuild|x64.ActiveCfg = Debug|Any CPU
		{48CFA234-7CB1-4E8C-A370-4AF410F53857}.NugetBuild|x64.Build.0 = Debug|Any CPU
		{48CFA234-7CB1-4E8C-A370-4AF410F53857}.NugetBuild|x86.ActiveCfg = Debug|Any CPU
		{48CFA234-7CB1-4E8C-A370-4AF410F53857}.NugetBuild|x86.Build.0 = Debug|Any CPU
		{48CFA234-7CB1-4E8C-A370-4AF410F53857}.Release|Any CPU.ActiveCfg = Release|Any CPU
		{48CFA234-7CB1-4E8C-A370-4AF410F53857}.Release|Any CPU.Build.0 = Release|Any CPU
		{48CFA234-7CB1-4E8C-A370-4AF410F53857}.Release|ARM.ActiveCfg = Release|Any CPU
		{48CFA234-7CB1-4E8C-A370-4AF410F53857}.Release|ARM.Build.0 = Release|Any CPU
		{48CFA234-7CB1-4E8C-A370-4AF410F53857}.Release|iPhone.ActiveCfg = Release|Any CPU
		{48CFA234-7CB1-4E8C-A370-4AF410F53857}.Release|iPhone.Build.0 = Release|Any CPU
		{48CFA234-7CB1-4E8C-A370-4AF410F53857}.Release|iPhoneSimulator.ActiveCfg = Release|Any CPU
		{48CFA234-7CB1-4E8C-A370-4AF410F53857}.Release|iPhoneSimulator.Build.0 = Release|Any CPU
		{48CFA234-7CB1-4E8C-A370-4AF410F53857}.Release|x64.ActiveCfg = Release|Any CPU
		{48CFA234-7CB1-4E8C-A370-4AF410F53857}.Release|x64.Build.0 = Release|Any CPU
		{48CFA234-7CB1-4E8C-A370-4AF410F53857}.Release|x86.ActiveCfg = Release|Any CPU
		{48CFA234-7CB1-4E8C-A370-4AF410F53857}.Release|x86.Build.0 = Release|Any CPU
		{172A0370-0293-4003-AD03-57419DDDC6BD}.AppStore|Any CPU.ActiveCfg = Release|Any CPU
		{172A0370-0293-4003-AD03-57419DDDC6BD}.AppStore|Any CPU.Build.0 = Release|Any CPU
		{172A0370-0293-4003-AD03-57419DDDC6BD}.AppStore|ARM.ActiveCfg = Release|Any CPU
		{172A0370-0293-4003-AD03-57419DDDC6BD}.AppStore|ARM.Build.0 = Release|Any CPU
		{172A0370-0293-4003-AD03-57419DDDC6BD}.AppStore|iPhone.ActiveCfg = Release|Any CPU
		{172A0370-0293-4003-AD03-57419DDDC6BD}.AppStore|iPhone.Build.0 = Release|Any CPU
		{172A0370-0293-4003-AD03-57419DDDC6BD}.AppStore|iPhoneSimulator.ActiveCfg = Release|Any CPU
		{172A0370-0293-4003-AD03-57419DDDC6BD}.AppStore|iPhoneSimulator.Build.0 = Release|Any CPU
		{172A0370-0293-4003-AD03-57419DDDC6BD}.AppStore|x64.ActiveCfg = Release|Any CPU
		{172A0370-0293-4003-AD03-57419DDDC6BD}.AppStore|x64.Build.0 = Release|Any CPU
		{172A0370-0293-4003-AD03-57419DDDC6BD}.AppStore|x86.ActiveCfg = Release|Any CPU
		{172A0370-0293-4003-AD03-57419DDDC6BD}.AppStore|x86.Build.0 = Release|Any CPU
		{172A0370-0293-4003-AD03-57419DDDC6BD}.Debug|Any CPU.ActiveCfg = Debug|Any CPU
		{172A0370-0293-4003-AD03-57419DDDC6BD}.Debug|Any CPU.Build.0 = Debug|Any CPU
		{172A0370-0293-4003-AD03-57419DDDC6BD}.Debug|ARM.ActiveCfg = Debug|Any CPU
		{172A0370-0293-4003-AD03-57419DDDC6BD}.Debug|ARM.Build.0 = Debug|Any CPU
		{172A0370-0293-4003-AD03-57419DDDC6BD}.Debug|iPhone.ActiveCfg = Debug|Any CPU
		{172A0370-0293-4003-AD03-57419DDDC6BD}.Debug|iPhone.Build.0 = Debug|Any CPU
		{172A0370-0293-4003-AD03-57419DDDC6BD}.Debug|iPhoneSimulator.ActiveCfg = Debug|Any CPU
		{172A0370-0293-4003-AD03-57419DDDC6BD}.Debug|iPhoneSimulator.Build.0 = Debug|Any CPU
		{172A0370-0293-4003-AD03-57419DDDC6BD}.Debug|x64.ActiveCfg = Debug|Any CPU
		{172A0370-0293-4003-AD03-57419DDDC6BD}.Debug|x64.Build.0 = Debug|Any CPU
		{172A0370-0293-4003-AD03-57419DDDC6BD}.Debug|x86.ActiveCfg = Debug|Any CPU
		{172A0370-0293-4003-AD03-57419DDDC6BD}.Debug|x86.Build.0 = Debug|Any CPU
		{172A0370-0293-4003-AD03-57419DDDC6BD}.NugetBuild|Any CPU.ActiveCfg = Release|Any CPU
		{172A0370-0293-4003-AD03-57419DDDC6BD}.NugetBuild|Any CPU.Build.0 = Release|Any CPU
		{172A0370-0293-4003-AD03-57419DDDC6BD}.NugetBuild|ARM.ActiveCfg = Release|Any CPU
		{172A0370-0293-4003-AD03-57419DDDC6BD}.NugetBuild|ARM.Build.0 = Release|Any CPU
		{172A0370-0293-4003-AD03-57419DDDC6BD}.NugetBuild|iPhone.ActiveCfg = Release|Any CPU
		{172A0370-0293-4003-AD03-57419DDDC6BD}.NugetBuild|iPhone.Build.0 = Release|Any CPU
		{172A0370-0293-4003-AD03-57419DDDC6BD}.NugetBuild|iPhoneSimulator.ActiveCfg = Release|Any CPU
		{172A0370-0293-4003-AD03-57419DDDC6BD}.NugetBuild|iPhoneSimulator.Build.0 = Release|Any CPU
		{172A0370-0293-4003-AD03-57419DDDC6BD}.NugetBuild|x64.ActiveCfg = Release|Any CPU
		{172A0370-0293-4003-AD03-57419DDDC6BD}.NugetBuild|x64.Build.0 = Release|Any CPU
		{172A0370-0293-4003-AD03-57419DDDC6BD}.NugetBuild|x86.ActiveCfg = Release|Any CPU
		{172A0370-0293-4003-AD03-57419DDDC6BD}.NugetBuild|x86.Build.0 = Release|Any CPU
		{172A0370-0293-4003-AD03-57419DDDC6BD}.Release|Any CPU.ActiveCfg = Release|Any CPU
		{172A0370-0293-4003-AD03-57419DDDC6BD}.Release|Any CPU.Build.0 = Release|Any CPU
		{172A0370-0293-4003-AD03-57419DDDC6BD}.Release|ARM.ActiveCfg = Release|Any CPU
		{172A0370-0293-4003-AD03-57419DDDC6BD}.Release|ARM.Build.0 = Release|Any CPU
		{172A0370-0293-4003-AD03-57419DDDC6BD}.Release|iPhone.ActiveCfg = Release|Any CPU
		{172A0370-0293-4003-AD03-57419DDDC6BD}.Release|iPhone.Build.0 = Release|Any CPU
		{172A0370-0293-4003-AD03-57419DDDC6BD}.Release|iPhoneSimulator.ActiveCfg = Release|Any CPU
		{172A0370-0293-4003-AD03-57419DDDC6BD}.Release|iPhoneSimulator.Build.0 = Release|Any CPU
		{172A0370-0293-4003-AD03-57419DDDC6BD}.Release|x64.ActiveCfg = Release|Any CPU
		{172A0370-0293-4003-AD03-57419DDDC6BD}.Release|x64.Build.0 = Release|Any CPU
		{172A0370-0293-4003-AD03-57419DDDC6BD}.Release|x86.ActiveCfg = Release|Any CPU
		{172A0370-0293-4003-AD03-57419DDDC6BD}.Release|x86.Build.0 = Release|Any CPU
		{F3B63D96-50BB-4C6F-94A8-56072D6E3AF9}.AppStore|Any CPU.ActiveCfg = Release|Any CPU
		{F3B63D96-50BB-4C6F-94A8-56072D6E3AF9}.AppStore|Any CPU.Build.0 = Release|Any CPU
		{F3B63D96-50BB-4C6F-94A8-56072D6E3AF9}.AppStore|ARM.ActiveCfg = Release|Any CPU
		{F3B63D96-50BB-4C6F-94A8-56072D6E3AF9}.AppStore|ARM.Build.0 = Release|Any CPU
		{F3B63D96-50BB-4C6F-94A8-56072D6E3AF9}.AppStore|iPhone.ActiveCfg = Release|Any CPU
		{F3B63D96-50BB-4C6F-94A8-56072D6E3AF9}.AppStore|iPhone.Build.0 = Release|Any CPU
		{F3B63D96-50BB-4C6F-94A8-56072D6E3AF9}.AppStore|iPhoneSimulator.ActiveCfg = Release|Any CPU
		{F3B63D96-50BB-4C6F-94A8-56072D6E3AF9}.AppStore|iPhoneSimulator.Build.0 = Release|Any CPU
		{F3B63D96-50BB-4C6F-94A8-56072D6E3AF9}.AppStore|x64.ActiveCfg = Release|Any CPU
		{F3B63D96-50BB-4C6F-94A8-56072D6E3AF9}.AppStore|x64.Build.0 = Release|Any CPU
		{F3B63D96-50BB-4C6F-94A8-56072D6E3AF9}.AppStore|x86.ActiveCfg = Release|Any CPU
		{F3B63D96-50BB-4C6F-94A8-56072D6E3AF9}.AppStore|x86.Build.0 = Release|Any CPU
		{F3B63D96-50BB-4C6F-94A8-56072D6E3AF9}.Debug|Any CPU.ActiveCfg = Debug|Any CPU
		{F3B63D96-50BB-4C6F-94A8-56072D6E3AF9}.Debug|Any CPU.Build.0 = Debug|Any CPU
		{F3B63D96-50BB-4C6F-94A8-56072D6E3AF9}.Debug|ARM.ActiveCfg = Debug|Any CPU
		{F3B63D96-50BB-4C6F-94A8-56072D6E3AF9}.Debug|ARM.Build.0 = Debug|Any CPU
		{F3B63D96-50BB-4C6F-94A8-56072D6E3AF9}.Debug|iPhone.ActiveCfg = Debug|Any CPU
		{F3B63D96-50BB-4C6F-94A8-56072D6E3AF9}.Debug|iPhone.Build.0 = Debug|Any CPU
		{F3B63D96-50BB-4C6F-94A8-56072D6E3AF9}.Debug|iPhoneSimulator.ActiveCfg = Debug|Any CPU
		{F3B63D96-50BB-4C6F-94A8-56072D6E3AF9}.Debug|iPhoneSimulator.Build.0 = Debug|Any CPU
		{F3B63D96-50BB-4C6F-94A8-56072D6E3AF9}.Debug|x64.ActiveCfg = Debug|Any CPU
		{F3B63D96-50BB-4C6F-94A8-56072D6E3AF9}.Debug|x64.Build.0 = Debug|Any CPU
		{F3B63D96-50BB-4C6F-94A8-56072D6E3AF9}.Debug|x86.ActiveCfg = Debug|Any CPU
		{F3B63D96-50BB-4C6F-94A8-56072D6E3AF9}.Debug|x86.Build.0 = Debug|Any CPU
		{F3B63D96-50BB-4C6F-94A8-56072D6E3AF9}.NugetBuild|Any CPU.ActiveCfg = Debug|Any CPU
		{F3B63D96-50BB-4C6F-94A8-56072D6E3AF9}.NugetBuild|ARM.ActiveCfg = Debug|Any CPU
		{F3B63D96-50BB-4C6F-94A8-56072D6E3AF9}.NugetBuild|ARM.Build.0 = Debug|Any CPU
		{F3B63D96-50BB-4C6F-94A8-56072D6E3AF9}.NugetBuild|iPhone.ActiveCfg = Debug|Any CPU
		{F3B63D96-50BB-4C6F-94A8-56072D6E3AF9}.NugetBuild|iPhone.Build.0 = Debug|Any CPU
		{F3B63D96-50BB-4C6F-94A8-56072D6E3AF9}.NugetBuild|iPhoneSimulator.ActiveCfg = Debug|Any CPU
		{F3B63D96-50BB-4C6F-94A8-56072D6E3AF9}.NugetBuild|iPhoneSimulator.Build.0 = Debug|Any CPU
		{F3B63D96-50BB-4C6F-94A8-56072D6E3AF9}.NugetBuild|x64.ActiveCfg = Debug|Any CPU
		{F3B63D96-50BB-4C6F-94A8-56072D6E3AF9}.NugetBuild|x64.Build.0 = Debug|Any CPU
		{F3B63D96-50BB-4C6F-94A8-56072D6E3AF9}.NugetBuild|x86.ActiveCfg = Debug|Any CPU
		{F3B63D96-50BB-4C6F-94A8-56072D6E3AF9}.NugetBuild|x86.Build.0 = Debug|Any CPU
		{F3B63D96-50BB-4C6F-94A8-56072D6E3AF9}.Release|Any CPU.ActiveCfg = Release|Any CPU
		{F3B63D96-50BB-4C6F-94A8-56072D6E3AF9}.Release|Any CPU.Build.0 = Release|Any CPU
		{F3B63D96-50BB-4C6F-94A8-56072D6E3AF9}.Release|ARM.ActiveCfg = Release|Any CPU
		{F3B63D96-50BB-4C6F-94A8-56072D6E3AF9}.Release|ARM.Build.0 = Release|Any CPU
		{F3B63D96-50BB-4C6F-94A8-56072D6E3AF9}.Release|iPhone.ActiveCfg = Release|Any CPU
		{F3B63D96-50BB-4C6F-94A8-56072D6E3AF9}.Release|iPhone.Build.0 = Release|Any CPU
		{F3B63D96-50BB-4C6F-94A8-56072D6E3AF9}.Release|iPhoneSimulator.ActiveCfg = Release|Any CPU
		{F3B63D96-50BB-4C6F-94A8-56072D6E3AF9}.Release|iPhoneSimulator.Build.0 = Release|Any CPU
		{F3B63D96-50BB-4C6F-94A8-56072D6E3AF9}.Release|x64.ActiveCfg = Release|Any CPU
		{F3B63D96-50BB-4C6F-94A8-56072D6E3AF9}.Release|x64.Build.0 = Release|Any CPU
		{F3B63D96-50BB-4C6F-94A8-56072D6E3AF9}.Release|x86.ActiveCfg = Release|Any CPU
		{F3B63D96-50BB-4C6F-94A8-56072D6E3AF9}.Release|x86.Build.0 = Release|Any CPU
		{15830FA7-5E5B-42C0-9DED-8665F44B3D92}.AppStore|Any CPU.ActiveCfg = Release|Any CPU
		{15830FA7-5E5B-42C0-9DED-8665F44B3D92}.AppStore|Any CPU.Build.0 = Release|Any CPU
		{15830FA7-5E5B-42C0-9DED-8665F44B3D92}.AppStore|Any CPU.Deploy.0 = Release|Any CPU
		{15830FA7-5E5B-42C0-9DED-8665F44B3D92}.AppStore|ARM.ActiveCfg = Release|Any CPU
		{15830FA7-5E5B-42C0-9DED-8665F44B3D92}.AppStore|ARM.Build.0 = Release|Any CPU
		{15830FA7-5E5B-42C0-9DED-8665F44B3D92}.AppStore|ARM.Deploy.0 = Release|Any CPU
		{15830FA7-5E5B-42C0-9DED-8665F44B3D92}.AppStore|iPhone.ActiveCfg = Release|Any CPU
		{15830FA7-5E5B-42C0-9DED-8665F44B3D92}.AppStore|iPhone.Build.0 = Release|Any CPU
		{15830FA7-5E5B-42C0-9DED-8665F44B3D92}.AppStore|iPhone.Deploy.0 = Release|Any CPU
		{15830FA7-5E5B-42C0-9DED-8665F44B3D92}.AppStore|iPhoneSimulator.ActiveCfg = Release|Any CPU
		{15830FA7-5E5B-42C0-9DED-8665F44B3D92}.AppStore|iPhoneSimulator.Build.0 = Release|Any CPU
		{15830FA7-5E5B-42C0-9DED-8665F44B3D92}.AppStore|iPhoneSimulator.Deploy.0 = Release|Any CPU
		{15830FA7-5E5B-42C0-9DED-8665F44B3D92}.AppStore|x64.ActiveCfg = Release|Any CPU
		{15830FA7-5E5B-42C0-9DED-8665F44B3D92}.AppStore|x64.Build.0 = Release|Any CPU
		{15830FA7-5E5B-42C0-9DED-8665F44B3D92}.AppStore|x64.Deploy.0 = Release|Any CPU
		{15830FA7-5E5B-42C0-9DED-8665F44B3D92}.AppStore|x86.ActiveCfg = Release|Any CPU
		{15830FA7-5E5B-42C0-9DED-8665F44B3D92}.AppStore|x86.Build.0 = Release|Any CPU
		{15830FA7-5E5B-42C0-9DED-8665F44B3D92}.AppStore|x86.Deploy.0 = Release|Any CPU
		{15830FA7-5E5B-42C0-9DED-8665F44B3D92}.Debug|Any CPU.ActiveCfg = Debug|Any CPU
		{15830FA7-5E5B-42C0-9DED-8665F44B3D92}.Debug|Any CPU.Build.0 = Debug|Any CPU
		{15830FA7-5E5B-42C0-9DED-8665F44B3D92}.Debug|ARM.ActiveCfg = Debug|Any CPU
		{15830FA7-5E5B-42C0-9DED-8665F44B3D92}.Debug|ARM.Build.0 = Debug|Any CPU
		{15830FA7-5E5B-42C0-9DED-8665F44B3D92}.Debug|ARM.Deploy.0 = Debug|Any CPU
		{15830FA7-5E5B-42C0-9DED-8665F44B3D92}.Debug|iPhone.ActiveCfg = Debug|Any CPU
		{15830FA7-5E5B-42C0-9DED-8665F44B3D92}.Debug|iPhone.Build.0 = Debug|Any CPU
		{15830FA7-5E5B-42C0-9DED-8665F44B3D92}.Debug|iPhoneSimulator.ActiveCfg = Debug|Any CPU
		{15830FA7-5E5B-42C0-9DED-8665F44B3D92}.Debug|iPhoneSimulator.Build.0 = Debug|Any CPU
		{15830FA7-5E5B-42C0-9DED-8665F44B3D92}.Debug|x64.ActiveCfg = Debug|Any CPU
		{15830FA7-5E5B-42C0-9DED-8665F44B3D92}.Debug|x64.Build.0 = Debug|Any CPU
		{15830FA7-5E5B-42C0-9DED-8665F44B3D92}.Debug|x64.Deploy.0 = Debug|Any CPU
		{15830FA7-5E5B-42C0-9DED-8665F44B3D92}.Debug|x86.ActiveCfg = Debug|Any CPU
		{15830FA7-5E5B-42C0-9DED-8665F44B3D92}.Debug|x86.Build.0 = Debug|Any CPU
		{15830FA7-5E5B-42C0-9DED-8665F44B3D92}.Debug|x86.Deploy.0 = Debug|Any CPU
		{15830FA7-5E5B-42C0-9DED-8665F44B3D92}.NugetBuild|Any CPU.ActiveCfg = Debug|Any CPU
		{15830FA7-5E5B-42C0-9DED-8665F44B3D92}.NugetBuild|ARM.ActiveCfg = Debug|Any CPU
		{15830FA7-5E5B-42C0-9DED-8665F44B3D92}.NugetBuild|ARM.Build.0 = Debug|Any CPU
		{15830FA7-5E5B-42C0-9DED-8665F44B3D92}.NugetBuild|ARM.Deploy.0 = Debug|Any CPU
		{15830FA7-5E5B-42C0-9DED-8665F44B3D92}.NugetBuild|iPhone.ActiveCfg = Debug|Any CPU
		{15830FA7-5E5B-42C0-9DED-8665F44B3D92}.NugetBuild|iPhone.Build.0 = Debug|Any CPU
		{15830FA7-5E5B-42C0-9DED-8665F44B3D92}.NugetBuild|iPhone.Deploy.0 = Debug|Any CPU
		{15830FA7-5E5B-42C0-9DED-8665F44B3D92}.NugetBuild|iPhoneSimulator.ActiveCfg = Debug|Any CPU
		{15830FA7-5E5B-42C0-9DED-8665F44B3D92}.NugetBuild|iPhoneSimulator.Build.0 = Debug|Any CPU
		{15830FA7-5E5B-42C0-9DED-8665F44B3D92}.NugetBuild|iPhoneSimulator.Deploy.0 = Debug|Any CPU
		{15830FA7-5E5B-42C0-9DED-8665F44B3D92}.NugetBuild|x64.ActiveCfg = Debug|Any CPU
		{15830FA7-5E5B-42C0-9DED-8665F44B3D92}.NugetBuild|x64.Build.0 = Debug|Any CPU
		{15830FA7-5E5B-42C0-9DED-8665F44B3D92}.NugetBuild|x64.Deploy.0 = Debug|Any CPU
		{15830FA7-5E5B-42C0-9DED-8665F44B3D92}.NugetBuild|x86.ActiveCfg = Debug|Any CPU
		{15830FA7-5E5B-42C0-9DED-8665F44B3D92}.NugetBuild|x86.Build.0 = Debug|Any CPU
		{15830FA7-5E5B-42C0-9DED-8665F44B3D92}.NugetBuild|x86.Deploy.0 = Debug|Any CPU
		{15830FA7-5E5B-42C0-9DED-8665F44B3D92}.Release|Any CPU.ActiveCfg = Release|Any CPU
		{15830FA7-5E5B-42C0-9DED-8665F44B3D92}.Release|Any CPU.Build.0 = Release|Any CPU
		{15830FA7-5E5B-42C0-9DED-8665F44B3D92}.Release|ARM.ActiveCfg = Release|Any CPU
		{15830FA7-5E5B-42C0-9DED-8665F44B3D92}.Release|ARM.Build.0 = Release|Any CPU
		{15830FA7-5E5B-42C0-9DED-8665F44B3D92}.Release|ARM.Deploy.0 = Release|Any CPU
		{15830FA7-5E5B-42C0-9DED-8665F44B3D92}.Release|iPhone.ActiveCfg = Release|Any CPU
		{15830FA7-5E5B-42C0-9DED-8665F44B3D92}.Release|iPhone.Build.0 = Release|Any CPU
		{15830FA7-5E5B-42C0-9DED-8665F44B3D92}.Release|iPhoneSimulator.ActiveCfg = Release|Any CPU
		{15830FA7-5E5B-42C0-9DED-8665F44B3D92}.Release|iPhoneSimulator.Build.0 = Release|Any CPU
		{15830FA7-5E5B-42C0-9DED-8665F44B3D92}.Release|x64.ActiveCfg = Release|Any CPU
		{15830FA7-5E5B-42C0-9DED-8665F44B3D92}.Release|x64.Build.0 = Release|Any CPU
		{15830FA7-5E5B-42C0-9DED-8665F44B3D92}.Release|x64.Deploy.0 = Release|Any CPU
		{15830FA7-5E5B-42C0-9DED-8665F44B3D92}.Release|x86.ActiveCfg = Release|Any CPU
		{15830FA7-5E5B-42C0-9DED-8665F44B3D92}.Release|x86.Build.0 = Release|Any CPU
		{15830FA7-5E5B-42C0-9DED-8665F44B3D92}.Release|x86.Deploy.0 = Release|Any CPU
		{FC7E7BFB-1146-4D84-AAF7-1238740064E7}.AppStore|Any CPU.ActiveCfg = Release|iPhoneSimulator
		{FC7E7BFB-1146-4D84-AAF7-1238740064E7}.AppStore|Any CPU.Build.0 = Release|iPhoneSimulator
		{FC7E7BFB-1146-4D84-AAF7-1238740064E7}.AppStore|ARM.ActiveCfg = Release|iPhoneSimulator
		{FC7E7BFB-1146-4D84-AAF7-1238740064E7}.AppStore|ARM.Build.0 = Release|iPhoneSimulator
		{FC7E7BFB-1146-4D84-AAF7-1238740064E7}.AppStore|iPhone.ActiveCfg = Release|iPhone
		{FC7E7BFB-1146-4D84-AAF7-1238740064E7}.AppStore|iPhone.Build.0 = Release|iPhone
		{FC7E7BFB-1146-4D84-AAF7-1238740064E7}.AppStore|iPhoneSimulator.ActiveCfg = Release|iPhoneSimulator
		{FC7E7BFB-1146-4D84-AAF7-1238740064E7}.AppStore|iPhoneSimulator.Build.0 = Release|iPhoneSimulator
		{FC7E7BFB-1146-4D84-AAF7-1238740064E7}.AppStore|x64.ActiveCfg = Release|iPhoneSimulator
		{FC7E7BFB-1146-4D84-AAF7-1238740064E7}.AppStore|x64.Build.0 = Release|iPhoneSimulator
		{FC7E7BFB-1146-4D84-AAF7-1238740064E7}.AppStore|x86.ActiveCfg = Release|iPhoneSimulator
		{FC7E7BFB-1146-4D84-AAF7-1238740064E7}.AppStore|x86.Build.0 = Release|iPhoneSimulator
		{FC7E7BFB-1146-4D84-AAF7-1238740064E7}.Debug|Any CPU.ActiveCfg = Debug|iPhoneSimulator
		{FC7E7BFB-1146-4D84-AAF7-1238740064E7}.Debug|Any CPU.Build.0 = Debug|iPhoneSimulator
		{FC7E7BFB-1146-4D84-AAF7-1238740064E7}.Debug|ARM.ActiveCfg = Debug|iPhone
		{FC7E7BFB-1146-4D84-AAF7-1238740064E7}.Debug|iPhone.ActiveCfg = Debug|iPhone
		{FC7E7BFB-1146-4D84-AAF7-1238740064E7}.Debug|iPhone.Build.0 = Debug|iPhone
		{FC7E7BFB-1146-4D84-AAF7-1238740064E7}.Debug|iPhoneSimulator.ActiveCfg = Debug|iPhoneSimulator
		{FC7E7BFB-1146-4D84-AAF7-1238740064E7}.Debug|iPhoneSimulator.Build.0 = Debug|iPhoneSimulator
		{FC7E7BFB-1146-4D84-AAF7-1238740064E7}.Debug|x64.ActiveCfg = Debug|iPhone
		{FC7E7BFB-1146-4D84-AAF7-1238740064E7}.Debug|x86.ActiveCfg = Debug|iPhone
		{FC7E7BFB-1146-4D84-AAF7-1238740064E7}.NugetBuild|Any CPU.ActiveCfg = Debug|iPhoneSimulator
		{FC7E7BFB-1146-4D84-AAF7-1238740064E7}.NugetBuild|ARM.ActiveCfg = Release|iPhoneSimulator
		{FC7E7BFB-1146-4D84-AAF7-1238740064E7}.NugetBuild|ARM.Build.0 = Release|iPhoneSimulator
		{FC7E7BFB-1146-4D84-AAF7-1238740064E7}.NugetBuild|iPhone.ActiveCfg = Release|iPhone
		{FC7E7BFB-1146-4D84-AAF7-1238740064E7}.NugetBuild|iPhone.Build.0 = Release|iPhone
		{FC7E7BFB-1146-4D84-AAF7-1238740064E7}.NugetBuild|iPhoneSimulator.ActiveCfg = Release|iPhoneSimulator
		{FC7E7BFB-1146-4D84-AAF7-1238740064E7}.NugetBuild|iPhoneSimulator.Build.0 = Release|iPhoneSimulator
		{FC7E7BFB-1146-4D84-AAF7-1238740064E7}.NugetBuild|x64.ActiveCfg = Release|iPhoneSimulator
		{FC7E7BFB-1146-4D84-AAF7-1238740064E7}.NugetBuild|x64.Build.0 = Release|iPhoneSimulator
		{FC7E7BFB-1146-4D84-AAF7-1238740064E7}.NugetBuild|x86.ActiveCfg = Release|iPhoneSimulator
		{FC7E7BFB-1146-4D84-AAF7-1238740064E7}.NugetBuild|x86.Build.0 = Release|iPhoneSimulator
		{FC7E7BFB-1146-4D84-AAF7-1238740064E7}.Release|Any CPU.ActiveCfg = Release|iPhone
		{FC7E7BFB-1146-4D84-AAF7-1238740064E7}.Release|Any CPU.Build.0 = Release|iPhone
		{FC7E7BFB-1146-4D84-AAF7-1238740064E7}.Release|ARM.ActiveCfg = Release|iPhoneSimulator
		{FC7E7BFB-1146-4D84-AAF7-1238740064E7}.Release|iPhone.ActiveCfg = Release|iPhone
		{FC7E7BFB-1146-4D84-AAF7-1238740064E7}.Release|iPhone.Build.0 = Release|iPhone
		{FC7E7BFB-1146-4D84-AAF7-1238740064E7}.Release|iPhoneSimulator.ActiveCfg = Release|iPhoneSimulator
		{FC7E7BFB-1146-4D84-AAF7-1238740064E7}.Release|iPhoneSimulator.Build.0 = Release|iPhoneSimulator
		{FC7E7BFB-1146-4D84-AAF7-1238740064E7}.Release|x64.ActiveCfg = Release|iPhoneSimulator
		{FC7E7BFB-1146-4D84-AAF7-1238740064E7}.Release|x86.ActiveCfg = Release|iPhoneSimulator
		{3E4B5E8F-48D1-45B4-BE33-0142DA375E2C}.AppStore|Any CPU.ActiveCfg = Release|Any CPU
		{3E4B5E8F-48D1-45B4-BE33-0142DA375E2C}.AppStore|Any CPU.Build.0 = Release|Any CPU
		{3E4B5E8F-48D1-45B4-BE33-0142DA375E2C}.AppStore|ARM.ActiveCfg = Release|ARM
		{3E4B5E8F-48D1-45B4-BE33-0142DA375E2C}.AppStore|ARM.Build.0 = Release|ARM
		{3E4B5E8F-48D1-45B4-BE33-0142DA375E2C}.AppStore|iPhone.ActiveCfg = Release|Any CPU
		{3E4B5E8F-48D1-45B4-BE33-0142DA375E2C}.AppStore|iPhone.Build.0 = Release|Any CPU
		{3E4B5E8F-48D1-45B4-BE33-0142DA375E2C}.AppStore|iPhoneSimulator.ActiveCfg = Release|Any CPU
		{3E4B5E8F-48D1-45B4-BE33-0142DA375E2C}.AppStore|iPhoneSimulator.Build.0 = Release|Any CPU
		{3E4B5E8F-48D1-45B4-BE33-0142DA375E2C}.AppStore|x64.ActiveCfg = Release|x64
		{3E4B5E8F-48D1-45B4-BE33-0142DA375E2C}.AppStore|x64.Build.0 = Release|x64
		{3E4B5E8F-48D1-45B4-BE33-0142DA375E2C}.AppStore|x86.ActiveCfg = Release|x86
		{3E4B5E8F-48D1-45B4-BE33-0142DA375E2C}.AppStore|x86.Build.0 = Release|x86
		{3E4B5E8F-48D1-45B4-BE33-0142DA375E2C}.Debug|Any CPU.ActiveCfg = Debug|Any CPU
		{3E4B5E8F-48D1-45B4-BE33-0142DA375E2C}.Debug|Any CPU.Build.0 = Debug|Any CPU
		{3E4B5E8F-48D1-45B4-BE33-0142DA375E2C}.Debug|ARM.ActiveCfg = Debug|ARM
		{3E4B5E8F-48D1-45B4-BE33-0142DA375E2C}.Debug|ARM.Build.0 = Debug|ARM
		{3E4B5E8F-48D1-45B4-BE33-0142DA375E2C}.Debug|iPhone.ActiveCfg = Debug|Any CPU
		{3E4B5E8F-48D1-45B4-BE33-0142DA375E2C}.Debug|iPhone.Build.0 = Debug|Any CPU
		{3E4B5E8F-48D1-45B4-BE33-0142DA375E2C}.Debug|iPhoneSimulator.ActiveCfg = Debug|Any CPU
		{3E4B5E8F-48D1-45B4-BE33-0142DA375E2C}.Debug|iPhoneSimulator.Build.0 = Debug|Any CPU
		{3E4B5E8F-48D1-45B4-BE33-0142DA375E2C}.Debug|x64.ActiveCfg = Debug|x64
		{3E4B5E8F-48D1-45B4-BE33-0142DA375E2C}.Debug|x64.Build.0 = Debug|x64
		{3E4B5E8F-48D1-45B4-BE33-0142DA375E2C}.Debug|x86.ActiveCfg = Debug|x86
		{3E4B5E8F-48D1-45B4-BE33-0142DA375E2C}.Debug|x86.Build.0 = Debug|x86
		{3E4B5E8F-48D1-45B4-BE33-0142DA375E2C}.NugetBuild|Any CPU.ActiveCfg = Release|Any CPU
		{3E4B5E8F-48D1-45B4-BE33-0142DA375E2C}.NugetBuild|Any CPU.Build.0 = Release|Any CPU
		{3E4B5E8F-48D1-45B4-BE33-0142DA375E2C}.NugetBuild|ARM.ActiveCfg = Debug|ARM
		{3E4B5E8F-48D1-45B4-BE33-0142DA375E2C}.NugetBuild|ARM.Build.0 = Debug|ARM
		{3E4B5E8F-48D1-45B4-BE33-0142DA375E2C}.NugetBuild|iPhone.ActiveCfg = Debug|Any CPU
		{3E4B5E8F-48D1-45B4-BE33-0142DA375E2C}.NugetBuild|iPhone.Build.0 = Debug|Any CPU
		{3E4B5E8F-48D1-45B4-BE33-0142DA375E2C}.NugetBuild|iPhoneSimulator.ActiveCfg = Debug|Any CPU
		{3E4B5E8F-48D1-45B4-BE33-0142DA375E2C}.NugetBuild|iPhoneSimulator.Build.0 = Debug|Any CPU
		{3E4B5E8F-48D1-45B4-BE33-0142DA375E2C}.NugetBuild|x64.ActiveCfg = Debug|x64
		{3E4B5E8F-48D1-45B4-BE33-0142DA375E2C}.NugetBuild|x64.Build.0 = Debug|x64
		{3E4B5E8F-48D1-45B4-BE33-0142DA375E2C}.NugetBuild|x86.ActiveCfg = Debug|x86
		{3E4B5E8F-48D1-45B4-BE33-0142DA375E2C}.NugetBuild|x86.Build.0 = Debug|x86
		{3E4B5E8F-48D1-45B4-BE33-0142DA375E2C}.Release|Any CPU.ActiveCfg = Release|Any CPU
		{3E4B5E8F-48D1-45B4-BE33-0142DA375E2C}.Release|Any CPU.Build.0 = Release|Any CPU
		{3E4B5E8F-48D1-45B4-BE33-0142DA375E2C}.Release|ARM.ActiveCfg = Release|ARM
		{3E4B5E8F-48D1-45B4-BE33-0142DA375E2C}.Release|ARM.Build.0 = Release|ARM
		{3E4B5E8F-48D1-45B4-BE33-0142DA375E2C}.Release|iPhone.ActiveCfg = Release|Any CPU
		{3E4B5E8F-48D1-45B4-BE33-0142DA375E2C}.Release|iPhone.Build.0 = Release|Any CPU
		{3E4B5E8F-48D1-45B4-BE33-0142DA375E2C}.Release|iPhoneSimulator.ActiveCfg = Release|Any CPU
		{3E4B5E8F-48D1-45B4-BE33-0142DA375E2C}.Release|iPhoneSimulator.Build.0 = Release|Any CPU
		{3E4B5E8F-48D1-45B4-BE33-0142DA375E2C}.Release|x64.ActiveCfg = Release|x64
		{3E4B5E8F-48D1-45B4-BE33-0142DA375E2C}.Release|x64.Build.0 = Release|x64
		{3E4B5E8F-48D1-45B4-BE33-0142DA375E2C}.Release|x86.ActiveCfg = Release|x86
		{3E4B5E8F-48D1-45B4-BE33-0142DA375E2C}.Release|x86.Build.0 = Release|x86
		{5EC32B4A-64F4-413D-AA4E-F25453E4DD3B}.AppStore|Any CPU.ActiveCfg = Release|x64
		{5EC32B4A-64F4-413D-AA4E-F25453E4DD3B}.AppStore|Any CPU.Build.0 = Release|x64
		{5EC32B4A-64F4-413D-AA4E-F25453E4DD3B}.AppStore|Any CPU.Deploy.0 = Release|x64
		{5EC32B4A-64F4-413D-AA4E-F25453E4DD3B}.AppStore|ARM.ActiveCfg = Release|ARM
		{5EC32B4A-64F4-413D-AA4E-F25453E4DD3B}.AppStore|ARM.Build.0 = Release|ARM
		{5EC32B4A-64F4-413D-AA4E-F25453E4DD3B}.AppStore|ARM.Deploy.0 = Release|ARM
		{5EC32B4A-64F4-413D-AA4E-F25453E4DD3B}.AppStore|iPhone.ActiveCfg = Release|x64
		{5EC32B4A-64F4-413D-AA4E-F25453E4DD3B}.AppStore|iPhone.Build.0 = Release|x64
		{5EC32B4A-64F4-413D-AA4E-F25453E4DD3B}.AppStore|iPhone.Deploy.0 = Release|x64
		{5EC32B4A-64F4-413D-AA4E-F25453E4DD3B}.AppStore|iPhoneSimulator.ActiveCfg = Release|x64
		{5EC32B4A-64F4-413D-AA4E-F25453E4DD3B}.AppStore|iPhoneSimulator.Build.0 = Release|x64
		{5EC32B4A-64F4-413D-AA4E-F25453E4DD3B}.AppStore|iPhoneSimulator.Deploy.0 = Release|x64
		{5EC32B4A-64F4-413D-AA4E-F25453E4DD3B}.AppStore|x64.ActiveCfg = Release|x64
		{5EC32B4A-64F4-413D-AA4E-F25453E4DD3B}.AppStore|x64.Build.0 = Release|x64
		{5EC32B4A-64F4-413D-AA4E-F25453E4DD3B}.AppStore|x64.Deploy.0 = Release|x64
		{5EC32B4A-64F4-413D-AA4E-F25453E4DD3B}.AppStore|x86.ActiveCfg = Release|x86
		{5EC32B4A-64F4-413D-AA4E-F25453E4DD3B}.AppStore|x86.Build.0 = Release|x86
		{5EC32B4A-64F4-413D-AA4E-F25453E4DD3B}.AppStore|x86.Deploy.0 = Release|x86
		{5EC32B4A-64F4-413D-AA4E-F25453E4DD3B}.Debug|Any CPU.ActiveCfg = Debug|x86
		{5EC32B4A-64F4-413D-AA4E-F25453E4DD3B}.Debug|Any CPU.Build.0 = Debug|x86
		{5EC32B4A-64F4-413D-AA4E-F25453E4DD3B}.Debug|Any CPU.Deploy.0 = Debug|x86
		{5EC32B4A-64F4-413D-AA4E-F25453E4DD3B}.Debug|ARM.ActiveCfg = Debug|ARM
		{5EC32B4A-64F4-413D-AA4E-F25453E4DD3B}.Debug|ARM.Build.0 = Debug|ARM
		{5EC32B4A-64F4-413D-AA4E-F25453E4DD3B}.Debug|ARM.Deploy.0 = Debug|ARM
		{5EC32B4A-64F4-413D-AA4E-F25453E4DD3B}.Debug|iPhone.ActiveCfg = Debug|x86
		{5EC32B4A-64F4-413D-AA4E-F25453E4DD3B}.Debug|iPhoneSimulator.ActiveCfg = Debug|x86
		{5EC32B4A-64F4-413D-AA4E-F25453E4DD3B}.Debug|x64.ActiveCfg = Debug|x64
		{5EC32B4A-64F4-413D-AA4E-F25453E4DD3B}.Debug|x64.Build.0 = Debug|x64
		{5EC32B4A-64F4-413D-AA4E-F25453E4DD3B}.Debug|x64.Deploy.0 = Debug|x64
		{5EC32B4A-64F4-413D-AA4E-F25453E4DD3B}.Debug|x86.ActiveCfg = Debug|x86
		{5EC32B4A-64F4-413D-AA4E-F25453E4DD3B}.Debug|x86.Build.0 = Debug|x86
		{5EC32B4A-64F4-413D-AA4E-F25453E4DD3B}.Debug|x86.Deploy.0 = Debug|x86
		{5EC32B4A-64F4-413D-AA4E-F25453E4DD3B}.NugetBuild|Any CPU.ActiveCfg = Debug|x64
		{5EC32B4A-64F4-413D-AA4E-F25453E4DD3B}.NugetBuild|ARM.ActiveCfg = Debug|ARM
		{5EC32B4A-64F4-413D-AA4E-F25453E4DD3B}.NugetBuild|ARM.Build.0 = Debug|ARM
		{5EC32B4A-64F4-413D-AA4E-F25453E4DD3B}.NugetBuild|ARM.Deploy.0 = Debug|ARM
		{5EC32B4A-64F4-413D-AA4E-F25453E4DD3B}.NugetBuild|iPhone.ActiveCfg = Debug|x64
		{5EC32B4A-64F4-413D-AA4E-F25453E4DD3B}.NugetBuild|iPhone.Build.0 = Debug|x64
		{5EC32B4A-64F4-413D-AA4E-F25453E4DD3B}.NugetBuild|iPhone.Deploy.0 = Debug|x64
		{5EC32B4A-64F4-413D-AA4E-F25453E4DD3B}.NugetBuild|iPhoneSimulator.ActiveCfg = Debug|x64
		{5EC32B4A-64F4-413D-AA4E-F25453E4DD3B}.NugetBuild|iPhoneSimulator.Build.0 = Debug|x64
		{5EC32B4A-64F4-413D-AA4E-F25453E4DD3B}.NugetBuild|iPhoneSimulator.Deploy.0 = Debug|x64
		{5EC32B4A-64F4-413D-AA4E-F25453E4DD3B}.NugetBuild|x64.ActiveCfg = Debug|x64
		{5EC32B4A-64F4-413D-AA4E-F25453E4DD3B}.NugetBuild|x64.Build.0 = Debug|x64
		{5EC32B4A-64F4-413D-AA4E-F25453E4DD3B}.NugetBuild|x64.Deploy.0 = Debug|x64
		{5EC32B4A-64F4-413D-AA4E-F25453E4DD3B}.NugetBuild|x86.ActiveCfg = Debug|x86
		{5EC32B4A-64F4-413D-AA4E-F25453E4DD3B}.NugetBuild|x86.Build.0 = Debug|x86
		{5EC32B4A-64F4-413D-AA4E-F25453E4DD3B}.NugetBuild|x86.Deploy.0 = Debug|x86
		{5EC32B4A-64F4-413D-AA4E-F25453E4DD3B}.Release|Any CPU.ActiveCfg = Release|x86
		{5EC32B4A-64F4-413D-AA4E-F25453E4DD3B}.Release|Any CPU.Build.0 = Release|x86
		{5EC32B4A-64F4-413D-AA4E-F25453E4DD3B}.Release|Any CPU.Deploy.0 = Release|x86
		{5EC32B4A-64F4-413D-AA4E-F25453E4DD3B}.Release|ARM.ActiveCfg = Release|ARM
		{5EC32B4A-64F4-413D-AA4E-F25453E4DD3B}.Release|ARM.Build.0 = Release|ARM
		{5EC32B4A-64F4-413D-AA4E-F25453E4DD3B}.Release|ARM.Deploy.0 = Release|ARM
		{5EC32B4A-64F4-413D-AA4E-F25453E4DD3B}.Release|iPhone.ActiveCfg = Release|x86
		{5EC32B4A-64F4-413D-AA4E-F25453E4DD3B}.Release|iPhoneSimulator.ActiveCfg = Release|x86
		{5EC32B4A-64F4-413D-AA4E-F25453E4DD3B}.Release|x64.ActiveCfg = Release|x64
		{5EC32B4A-64F4-413D-AA4E-F25453E4DD3B}.Release|x64.Build.0 = Release|x64
		{5EC32B4A-64F4-413D-AA4E-F25453E4DD3B}.Release|x64.Deploy.0 = Release|x64
		{5EC32B4A-64F4-413D-AA4E-F25453E4DD3B}.Release|x86.ActiveCfg = Release|x86
		{5EC32B4A-64F4-413D-AA4E-F25453E4DD3B}.Release|x86.Build.0 = Release|x86
		{5EC32B4A-64F4-413D-AA4E-F25453E4DD3B}.Release|x86.Deploy.0 = Release|x86
	EndGlobalSection
	GlobalSection(SolutionProperties) = preSolution
		HideSolutionNode = FALSE
	EndGlobalSection
	GlobalSection(NestedProjects) = preSolution
		{EF099C9A-2BB4-468D-8352-867896E7B275} = {C8CF6460-9DB8-4120-8914-2D941D4B4440}
		{48CFA234-7CB1-4E8C-A370-4AF410F53857} = {C8CF6460-9DB8-4120-8914-2D941D4B4440}
		{172A0370-0293-4003-AD03-57419DDDC6BD} = {C8CF6460-9DB8-4120-8914-2D941D4B4440}
		{F3B63D96-50BB-4C6F-94A8-56072D6E3AF9} = {FF211FE4-280C-47C7-A008-41C2DF86C575}
		{15830FA7-5E5B-42C0-9DED-8665F44B3D92} = {FF211FE4-280C-47C7-A008-41C2DF86C575}
		{FC7E7BFB-1146-4D84-AAF7-1238740064E7} = {FF211FE4-280C-47C7-A008-41C2DF86C575}
		{3E4B5E8F-48D1-45B4-BE33-0142DA375E2C} = {C8CF6460-9DB8-4120-8914-2D941D4B4440}
		{5EC32B4A-64F4-413D-AA4E-F25453E4DD3B} = {FF211FE4-280C-47C7-A008-41C2DF86C575}
	EndGlobalSection
	GlobalSection(ExtensibilityGlobals) = postSolution
		SolutionGuid = {7976ECE6-112E-4DE5-BB08-B90AEE63F064}
	EndGlobalSection
	GlobalSection(MonoDevelopProperties) = preSolution
		Policies = $0
		$0.DotNetNamingPolicy = $1
		$0.TextStylePolicy = $2
		$2.scope = text/x-csharp
		$2.TabsToSpaces = True
		$0.CSharpFormattingPolicy = $3
		$3.AfterDelegateDeclarationParameterComma = True
		$3.scope = text/x-csharp
		$3.IndentSwitchSection = False
		$3.NewLinesForBracesInProperties = False
		$3.NewLinesForBracesInAccessors = False
		$3.NewLinesForBracesInAnonymousMethods = False
		$3.NewLinesForBracesInControlBlocks = False
		$3.NewLinesForBracesInAnonymousTypes = False
		$3.NewLinesForBracesInObjectCollectionArrayInitializers = False
		$3.NewLinesForBracesInLambdaExpressionBody = False
		$3.NewLineForElse = False
		$3.NewLineForCatch = False
		$3.NewLineForFinally = False
		$3.NewLineForMembersInObjectInit = False
		$3.NewLineForMembersInAnonymousTypes = False
		$3.NewLineForClausesInQuery = False
		$3.SpacingAfterMethodDeclarationName = True
		$3.SpaceAfterMethodCallName = True
		$3.SpaceBeforeOpenSquareBracket = True
		$0.NameConventionPolicy = $4
		$4.Rules = $5
		$5.NamingRule = $25
		version = 1.1.0
	EndGlobalSection
EndGlobal
