
Microsoft Visual Studio Solution File, Format Version 11.00
# Visual Studio 2010
Project("{FAE04EC0-301F-11D3-BF4B-00C04F79EFBC}") = "SlideOverKit", "SlideOverKit.csproj", "{EF099C9A-2BB4-468D-8352-867896E7B275}"
EndProject
Global
	GlobalSection(SolutionConfigurationPlatforms) = preSolution
		Debug|Any CPU = Debug|Any CPU
		Release|Any CPU = Release|Any CPU
	EndGlobalSection
	GlobalSection(ProjectConfigurationPlatforms) = postSolution
		{EF099C9A-2BB4-468D-8352-867896E7B275}.Debug|Any CPU.ActiveCfg = Debug|Any CPU
		{EF099C9A-2BB4-468D-8352-867896E7B275}.Debug|Any CPU.Build.0 = Debug|Any CPU
		{EF099C9A-2BB4-468D-8352-867896E7B275}.Release|Any CPU.ActiveCfg = Release|Any CPU
		{EF099C9A-2BB4-468D-8352-867896E7B275}.Release|Any CPU.Build.0 = Release|Any CPU
	EndGlobalSection
EndGlobal
